
Microsoft Visual Studio Solution File, Format Version 12.00
# Visual Studio Version 17
VisualStudioVersion = 17.0.32014.148
MinimumVisualStudioVersion = 10.0.40219.1
Project("{9A19103F-16F7-4668-BE54-9A1E7A4F7556}") = "LolCopyGUI", "LolCopyGUI.csproj", "{F50B7D5D-05BE-4D9A-86BE-74BE55E73E28}"
EndProject
Global
	GlobalSection(SolutionConfigurationPlatforms) = preSolution
		Debug|Any CPU = Debug|Any CPU
		Release|Any CPU = Release|Any CPU
	EndGlobalSection
	GlobalSection(ProjectConfigurationPlatforms) = postSolution
		{F50B7D5D-05BE-4D9A-86BE-74BE55E73E28}.Debug|Any CPU.ActiveCfg = Debug|Any CPU
		{F50B7D5D-05BE-4D9A-86BE-74BE55E73E28}.Debug|Any CPU.Build.0 = Debug|Any CPU
		{F50B7D5D-05BE-4D9A-86BE-74BE55E73E28}.Release|Any CPU.ActiveCfg = Release|Any CPU
		{F50B7D5D-05BE-4D9A-86BE-74BE55E73E28}.Release|Any CPU.Build.0 = Release|Any CPU
	EndGlobalSection
	GlobalSection(SolutionProperties) = preSolution
		HideSolutionNode = FALSE
	EndGlobalSection
	GlobalSection(ExtensibilityGlobals) = postSolution
		SolutionGuid = {80544C55-C8ED-4B0A-86F8-EF6981550827}
	EndGlobalSection
EndGlobal
